Microsoft Visual Studio Solution File, Format Version 12.00
# Visual Studio 2012
Project("{FAE04EC0-301F-11D3-BF4B-00C04F79EFBC}") = "pong but good", "pong but good.csproj", "{84E8B0D0-782D-492B-A1F6-A71097ACD168}"
EndProject
Global
	GlobalSection(SolutionConfigurationPlatforms) = preSolution
	Debug|Any CPU = Debug|Any CPU
	ExportDebug|Any CPU = ExportDebug|Any CPU
	ExportRelease|Any CPU = ExportRelease|Any CPU
	EndGlobalSection
	GlobalSection(ProjectConfigurationPlatforms) = postSolution
		{84E8B0D0-782D-492B-A1F6-A71097ACD168}.Debug|Any CPU.ActiveCfg = Debug|Any CPU
		{84E8B0D0-782D-492B-A1F6-A71097ACD168}.Debug|Any CPU.Build.0 = Debug|Any CPU
		{84E8B0D0-782D-492B-A1F6-A71097ACD168}.ExportDebug|Any CPU.ActiveCfg = ExportDebug|Any CPU
		{84E8B0D0-782D-492B-A1F6-A71097ACD168}.ExportDebug|Any CPU.Build.0 = ExportDebug|Any CPU
		{84E8B0D0-782D-492B-A1F6-A71097ACD168}.ExportRelease|Any CPU.ActiveCfg = ExportRelease|Any CPU
		{84E8B0D0-782D-492B-A1F6-A71097ACD168}.ExportRelease|Any CPU.Build.0 = ExportRelease|Any CPU
	EndGlobalSection
EndGlobal
